// !$*UTF8*$!
{
	archiveVersion = 1;
	classes = {
	};
	objectVersion = 50;
	objects = {

/* Begin PBXBuildFile section */
		2B82AE067CFA2C5A1507F2AB /* Pods_Todoey.framework in Frameworks */ = {isa = PBXBuildFile; fileRef = 3DF1F2CFA34D191267CA07E6 /* Pods_Todoey.framework */; };
		379B75812354DC4200BD5190 /* CategoryViewController.swift in Sources */ = {isa = PBXBuildFile; fileRef = 379B75802354DC4200BD5190 /* CategoryViewController.swift */; };
		37D8A7A623491FE80031CFFE /* AppDelegate.swift in Sources */ = {isa = PBXBuildFile; fileRef = 37D8A7A523491FE80031CFFE /* AppDelegate.swift */; };
		37D8A7A823491FE80031CFFE /* SceneDelegate.swift in Sources */ = {isa = PBXBuildFile; fileRef = 37D8A7A723491FE80031CFFE /* SceneDelegate.swift */; };
		37D8A7AA23491FE80031CFFE /* ToDoListViewController.swift in Sources */ = {isa = PBXBuildFile; fileRef = 37D8A7A923491FE80031CFFE /* ToDoListViewController.swift */; };
		37D8A7AD23491FE80031CFFE /* Main.storyboard in Resources */ = {isa = PBXBuildFile; fileRef = 37D8A7AB23491FE80031CFFE /* Main.storyboard */; };
		37D8A7AF23491FE90031CFFE /* Assets.xcassets in Resources */ = {isa = PBXBuildFile; fileRef = 37D8A7AE23491FE90031CFFE /* Assets.xcassets */; };
		37D8A7B223491FE90031CFFE /* LaunchScreen.storyboard in Resources */ = {isa = PBXBuildFile; fileRef = 37D8A7B023491FE90031CFFE /* LaunchScreen.storyboard */; };
		37F1B2F62350FDD900E43E14 /* DataModel.xcdatamodeld in Sources */ = {isa = PBXBuildFile; fileRef = 37F1B2F42350FDD900E43E14 /* DataModel.xcdatamodeld */; };
/* End PBXBuildFile section */

/* Begin PBXFileReference section */
		379B75802354DC4200BD5190 /* CategoryViewController.swift */ = {isa = PBXFileReference; lastKnownFileType = sourcecode.swift; path = CategoryViewController.swift; sourceTree = "<group>"; };
		37D8A7A223491FE80031CFFE /* Todoey.app */ = {isa = PBXFileReference; explicitFileType = wrapper.application; includeInIndex = 0; path = Todoey.app; sourceTree = BUILT_PRODUCTS_DIR; };
		37D8A7A523491FE80031CFFE /* AppDelegate.swift */ = {isa = PBXFileReference; lastKnownFileType = sourcecode.swift; path = AppDelegate.swift; sourceTree = "<group>"; };
		37D8A7A723491FE80031CFFE /* SceneDelegate.swift */ = {isa = PBXFileReference; lastKnownFileType = sourcecode.swift; path = SceneDelegate.swift; sourceTree = "<group>"; };
		37D8A7A923491FE80031CFFE /* ToDoListViewController.swift */ = {isa = PBXFileReference; lastKnownFileType = sourcecode.swift; path = ToDoListViewController.swift; sourceTree = "<group>"; };
		37D8A7AC23491FE80031CFFE /* Base */ = {isa = PBXFileReference; lastKnownFileType = file.storyboard; name = Base; path = Base.lproj/Main.storyboard; sourceTree = "<group>"; };
		37D8A7AE23491FE90031CFFE /* Assets.xcassets */ = {isa = PBXFileReference; lastKnownFileType = folder.assetcatalog; path = Assets.xcassets; sourceTree = "<group>"; };
		37D8A7B123491FE90031CFFE /* Base */ = {isa = PBXFileReference; lastKnownFileType = file.storyboard; name = Base; path = Base.lproj/LaunchScreen.storyboard; sourceTree = "<group>"; };
		37D8A7B323491FE90031CFFE /* Info.plist */ = {isa = PBXFileReference; lastKnownFileType = text.plist.xml; path = Info.plist; sourceTree = "<group>"; };
		37F1B2F52350FDD900E43E14 /* DataModel.xcdatamodel */ = {isa = PBXFileReference; lastKnownFileType = wrapper.xcdatamodel; path = DataModel.xcdatamodel; sourceTree = "<group>"; };
		3DF1F2CFA34D191267CA07E6 /* Pods_Todoey.framework */ = {isa = PBXFileReference; explicitFileType = wrapper.framework; includeInIndex = 0; path = Pods_Todoey.framework; sourceTree = BUILT_PRODUCTS_DIR; };
		7F403F2350B36FF384CF4791 /* Pods-Todoey.debug.xcconfig */ = {isa = PBXFileReference; includeInIndex = 1; lastKnownFileType = text.xcconfig; name = "Pods-Todoey.debug.xcconfig"; path = "Target Support Files/Pods-Todoey/Pods-Todoey.debug.xcconfig"; sourceTree = "<group>"; };
		D16175DC6484AC0FD94D4527 /* Pods-Todoey.release.xcconfig */ = {isa = PBXFileReference; includeInIndex = 1; lastKnownFileType = text.xcconfig; name = "Pods-Todoey.release.xcconfig"; path = "Target Support Files/Pods-Todoey/Pods-Todoey.release.xcconfig"; sourceTree = "<group>"; };
/* End PBXFileReference section */

/* Begin PBXFrameworksBuildPhase section */
		37D8A79F23491FE80031CFFE /* Frameworks */ = {
			isa = PBXFrameworksBuildPhase;
			buildActionMask = 2147483647;
			files = (
				2B82AE067CFA2C5A1507F2AB /* Pods_Todoey.framework in Frameworks */,
			);
			runOnlyForDeploymentPostprocessing = 0;
		};
/* End PBXFrameworksBuildPhase section */

/* Begin PBXGroup section */
		37CAEBBF234D0938002F0C10 /* Data Model */ = {
			isa = PBXGroup;
			children = (
				37F1B2F42350FDD900E43E14 /* DataModel.xcdatamodeld */,
			);
			path = "Data Model";
			sourceTree = "<group>";
		};
		37CAEBC0234D095B002F0C10 /* Controllers */ = {
			isa = PBXGroup;
			children = (
				379B75802354DC4200BD5190 /* CategoryViewController.swift */,
				37D8A7A923491FE80031CFFE /* ToDoListViewController.swift */,
			);
			path = Controllers;
			sourceTree = "<group>";
		};
		37CAEBC1234D0964002F0C10 /* Views */ = {
			isa = PBXGroup;
			children = (
				37D8A7AB23491FE80031CFFE /* Main.storyboard */,
			);
			path = Views;
			sourceTree = "<group>";
		};
		37D8A79923491FE80031CFFE = {
			isa = PBXGroup;
			children = (
				37D8A7A423491FE80031CFFE /* Todoey */,
				37D8A7A323491FE80031CFFE /* Products */,
				8FCDF3872A39A773409E451B /* Pods */,
				B74B0EBD0FD430B8E380AA01 /* Frameworks */,
			);
			sourceTree = "<group>";
		};
		37D8A7A323491FE80031CFFE /* Products */ = {
			isa = PBXGroup;
			children = (
				37D8A7A223491FE80031CFFE /* Todoey.app */,
			);
			name = Products;
			sourceTree = "<group>";
		};
		37D8A7A423491FE80031CFFE /* Todoey */ = {
			isa = PBXGroup;
			children = (
				37D8A7A523491FE80031CFFE /* AppDelegate.swift */,
				37D8A7A723491FE80031CFFE /* SceneDelegate.swift */,
				37CAEBC0234D095B002F0C10 /* Controllers */,
				37CAEBBF234D0938002F0C10 /* Data Model */,
				37CAEBC1234D0964002F0C10 /* Views */,
				37D8A7AE23491FE90031CFFE /* Assets.xcassets */,
				37D8A7B023491FE90031CFFE /* LaunchScreen.storyboard */,
				37D8A7B323491FE90031CFFE /* Info.plist */,
			);
			path = Todoey;
			sourceTree = "<group>";
		};
		8FCDF3872A39A773409E451B /* Pods */ = {
			isa = PBXGroup;
			children = (
				7F403F2350B36FF384CF4791 /* Pods-Todoey.debug.xcconfig */,
				D16175DC6484AC0FD94D4527 /* Pods-Todoey.release.xcconfig */,
			);
			name = Pods;
			path = Pods;
			sourceTree = "<group>";
		};
		B74B0EBD0FD430B8E380AA01 /* Frameworks */ = {
			isa = PBXGroup;
			children = (
				3DF1F2CFA34D191267CA07E6 /* Pods_Todoey.framework */,
			);
			name = Frameworks;
			sourceTree = "<group>";
		};
/* End PBXGroup section */

/* Begin PBXNativeTarget section */
		37D8A7A123491FE80031CFFE /* Todoey */ = {
			isa = PBXNativeTarget;
			buildConfigurationList = 37D8A7B623491FE90031CFFE /* Build configuration list for PBXNativeTarget "Todoey" */;
			buildPhases = (
				5DD6121BFD41EAC847F45B05 /* [CP] Check Pods Manifest.lock */,
				37D8A79E23491FE80031CFFE /* Sources */,
				37D8A79F23491FE80031CFFE /* Frameworks */,
				37D8A7A023491FE80031CFFE /* Resources */,
				D8F2749D476CEBF63D14FA52 /* [CP] Embed Pods Frameworks */,
			);
			buildRules = (
			);
			dependencies = (
			);
			name = Todoey;
			productName = Todoey;
			productReference = 37D8A7A223491FE80031CFFE /* Todoey.app */;
			productType = "com.apple.product-type.application";
		};
/* End PBXNativeTarget section */

/* Begin PBXProject section */
		37D8A79A23491FE80031CFFE /* Project object */ = {
			isa = PBXProject;
			attributes = {
				LastSwiftUpdateCheck = 1100;
				LastUpgradeCheck = 1100;
				ORGANIZATIONNAME = "William Watkins";
				TargetAttributes = {
					37D8A7A123491FE80031CFFE = {
						CreatedOnToolsVersion = 11.0;
					};
				};
			};
			buildConfigurationList = 37D8A79D23491FE80031CFFE /* Build configuration list for PBXProject "Todoey" */;
			compatibilityVersion = "Xcode 9.3";
			developmentRegion = en;
			hasScannedForEncodings = 0;
			knownRegions = (
				en,
				Base,
			);
			mainGroup = 37D8A79923491FE80031CFFE;
			productRefGroup = 37D8A7A323491FE80031CFFE /* Products */;
			projectDirPath = "";
			projectRoot = "";
			targets = (
				37D8A7A123491FE80031CFFE /* Todoey */,
			);
		};
/* End PBXProject section */

/* Begin PBXResourcesBuildPhase section */
		37D8A7A023491FE80031CFFE /* Resources */ = {
			isa = PBXResourcesBuildPhase;
			buildActionMask = 2147483647;
			files = (
				37D8A7B223491FE90031CFFE /* LaunchScreen.storyboard in Resources */,
				37D8A7AF23491FE90031CFFE /* Assets.xcassets in Resources */,
				37D8A7AD23491FE80031CFFE /* Main.storyboard in Resources */,
			);
			runOnlyForDeploymentPostprocessing = 0;
		};
/* End PBXResourcesBuildPhase section */

/* Begin PBXShellScriptBuildPhase section */
		5DD6121BFD41EAC847F45B05 /* [CP] Check Pods Manifest.lock */ = {
			isa = PBXShellScriptBuildPhase;
			buildActionMask = 2147483647;
			files = (
			);
			inputFileListPaths = (
			);
			inputPaths = (
				"${PODS_PODFILE_DIR_PATH}/Podfile.lock",
				"${PODS_ROOT}/Manifest.lock",
			);
			name = "[CP] Check Pods Manifest.lock";
			outputFileListPaths = (
			);
			outputPaths = (
				"$(DERIVED_FILE_DIR)/Pods-Todoey-checkManifestLockResult.txt",
			);
			runOnlyForDeploymentPostprocessing = 0;
			shellPath = /bin/sh;
			shellScript = "diff \"${PODS_PODFILE_DIR_PATH}/Podfile.lock\" \"${PODS_ROOT}/Manifest.lock\" > /dev/null\nif [ $? != 0 ] ; then\n    # print error to STDERR\n    echo \"error: The sandbox is not in sync with the Podfile.lock. Run 'pod install' or update your CocoaPods installation.\" >&2\n    exit 1\nfi\n# This output is used by Xcode 'outputs' to avoid re-running this script phase.\necho \"SUCCESS\" > \"${SCRIPT_OUTPUT_FILE_0}\"\n";
			showEnvVarsInLog = 0;
		};
		D8F2749D476CEBF63D14FA52 /* [CP] Embed Pods Frameworks */ = {
			isa = PBXShellScriptBuildPhase;
			buildActionMask = 2147483647;
			files = (
			);
			inputFileListPaths = (
				"${PODS_ROOT}/Target Support Files/Pods-Todoey/Pods-Todoey-frameworks-${CONFIGURATION}-input-files.xcfilelist",
			);
			name = "[CP] Embed Pods Frameworks";
			outputFileListPaths = (
				"${PODS_ROOT}/Target Support Files/Pods-Todoey/Pods-Todoey-frameworks-${CONFIGURATION}-output-files.xcfilelist",
			);
			runOnlyForDeploymentPostprocessing = 0;
			shellPath = /bin/sh;
			shellScript = "\"${PODS_ROOT}/Target Support Files/Pods-Todoey/Pods-Todoey-frameworks.sh\"\n";
			showEnvVarsInLog = 0;
		};
/* End PBXShellScriptBuildPhase section */

/* Begin PBXSourcesBuildPhase section */
		37D8A79E23491FE80031CFFE /* Sources */ = {
			isa = PBXSourcesBuildPhase;
			buildActionMask = 2147483647;
			files = (
				379B75812354DC4200BD5190 /* CategoryViewController.swift in Sources */,
				37F1B2F62350FDD900E43E14 /* DataModel.xcdatamodeld in Sources */,
				37D8A7AA23491FE80031CFFE /* ToDoListViewController.swift in Sources */,
				37D8A7A623491FE80031CFFE /* AppDelegate.swift in Sources */,
				37D8A7A823491FE80031CFFE /* SceneDelegate.swift in Sources */,
			);
			runOnlyForDeploymentPostprocessing = 0;
		};
/* End PBXSourcesBuildPhase section */

/* Begin PBXVariantGroup section */
		37D8A7AB23491FE80031CFFE /* Main.storyboard */ = {
			isa = PBXVariantGroup;
			children = (
				37D8A7AC23491FE80031CFFE /* Base */,
			);
			name = Main.storyboard;
			sourceTree = "<group>";
		};
		37D8A7B023491FE90031CFFE /* LaunchScreen.storyboard */ = {
			isa = PBXVariantGroup;
			children = (
				37D8A7B123491FE90031CFFE /* Base */,
			);
			name = LaunchScreen.storyboard;
			sourceTree = "<group>";
		};
/* End PBXVariantGroup section */

/* Begin XCBuildConfiguration section */
		37D8A7B423491FE90031CFFE /* Debug */ = {
			isa = XCBuildConfiguration;
			buildSettings = {
				ALWAYS_SEARCH_USER_PATHS = NO;
				CLANG_ANALYZER_NONNULL = YES;
				CLANG_ANALYZER_NUMBER_OBJECT_CONVERSION = YES_AGGRESSIVE;
				CLANG_CXX_LANGUAGE_STANDARD = "gnu++14";
				CLANG_CXX_LIBRARY = "libc++";
				CLANG_ENABLE_MODULES = YES;
				CLANG_ENABLE_OBJC_ARC = YES;
				CLANG_ENABLE_OBJC_WEAK = YES;
				CLANG_WARN_BLOCK_CAPTURE_AUTORELEASING = YES;
				CLANG_WARN_BOOL_CONVERSION = YES;
				CLANG_WARN_COMMA = YES;
				CLANG_WARN_CONSTANT_CONVERSION = YES;
				CLANG_WARN_DEPRECATED_OBJC_IMPLEMENTATIONS = YES;
				CLANG_WARN_DIRECT_OBJC_ISA_USAGE = YES_ERROR;
				CLANG_WARN_DOCUMENTATION_COMMENTS = YES;
				CLANG_WARN_EMPTY_BODY = YES;
				CLANG_WARN_ENUM_CONVERSION = YES;
				CLANG_WARN_INFINITE_RECURSION = YES;
				CLANG_WARN_INT_CONVERSION = YES;
				CLANG_WARN_NON_LITERAL_NULL_CONVERSION = YES;
				CLANG_WARN_OBJC_IMPLICIT_RETAIN_SELF = YES;
				CLANG_WARN_OBJC_LITERAL_CONVERSION = YES;
				CLANG_WARN_OBJC_ROOT_CLASS = YES_ERROR;
				CLANG_WARN_RANGE_LOOP_ANALYSIS = YES;
				CLANG_WARN_STRICT_PROTOTYPES = YES;
				CLANG_WARN_SUSPICIOUS_MOVE = YES;
				CLANG_WARN_UNGUARDED_AVAILABILITY = YES_AGGRESSIVE;
				CLANG_WARN_UNREACHABLE_CODE = YES;
				CLANG_WARN__DUPLICATE_METHOD_MATCH = YES;
				COPY_PHASE_STRIP = NO;
				DEBUG_INFORMATION_FORMAT = dwarf;
				ENABLE_STRICT_OBJC_MSGSEND = YES;
				ENABLE_TESTABILITY = YES;
				GCC_C_LANGUAGE_STANDARD = gnu11;
				GCC_DYNAMIC_NO_PIC = NO;
				GCC_NO_COMMON_BLOCKS = YES;
				GCC_OPTIMIZATION_LEVEL = 0;
				GCC_PREPROCESSOR_DEFINITIONS = (
					"DEBUG=1",
					"$(inherited)",
				);
				GCC_WARN_64_TO_32_BIT_CONVERSION = YES;
				GCC_WARN_ABOUT_RETURN_TYPE = YES_ERROR;
				GCC_WARN_UNDECLARED_SELECTOR = YES;
				GCC_WARN_UNINITIALIZED_AUTOS = YES_AGGRESSIVE;
				GCC_WARN_UNUSED_FUNCTION = YES;
				GCC_WARN_UNUSED_VARIABLE = YES;
				IPHONEOS_DEPLOYMENT_TARGET = 13.0;
				MTL_ENABLE_DEBUG_INFO = INCLUDE_SOURCE;
				MTL_FAST_MATH = YES;
				ONLY_ACTIVE_ARCH = YES;
				SDKROOT = iphoneos;
				SWIFT_ACTIVE_COMPILATION_CONDITIONS = DEBUG;
				SWIFT_OPTIMIZATION_LEVEL = "-Onone";
			};
			name = Debug;
		};
		37D8A7B523491FE90031CFFE /* Release */ = {
			isa = XCBuildConfiguration;
			buildSettings = {
				ALWAYS_SEARCH_USER_PATHS = NO;
				CLANG_ANALYZER_NONNULL = YES;
				CLANG_ANALYZER_NUMBER_OBJECT_CONVERSION = YES_AGGRESSIVE;
				CLANG_CXX_LANGUAGE_STANDARD = "gnu++14";
				CLANG_CXX_LIBRARY = "libc++";
				CLANG_ENABLE_MODULES = YES;
				CLANG_ENABLE_OBJC_ARC = YES;
				CLANG_ENABLE_OBJC_WEAK = YES;
				CLANG_WARN_BLOCK_CAPTURE_AUTORELEASING = YES;
				CLANG_WARN_BOOL_CONVERSION = YES;
				CLANG_WARN_COMMA = YES;
				CLANG_WARN_CONSTANT_CONVERSION = YES;
				CLANG_WARN_DEPRECATED_OBJC_IMPLEMENTATIONS = YES;
				CLANG_WARN_DIRECT_OBJC_ISA_USAGE = YES_ERROR;
				CLANG_WARN_DOCUMENTATION_COMMENTS = YES;
				CLANG_WARN_EMPTY_BODY = YES;
				CLANG_WARN_ENUM_CONVERSION = YES;
				CLANG_WARN_INFINITE_RECURSION = YES;
				CLANG_WARN_INT_CONVERSION = YES;
				CLANG_WARN_NON_LITERAL_NULL_CONVERSION = YES;
				CLANG_WARN_OBJC_IMPLICIT_RETAIN_SELF = YES;
				CLANG_WARN_OBJC_LITERAL_CONVERSION = YES;
				CLANG_WARN_OBJC_ROOT_CLASS = YES_ERROR;
				CLANG_WARN_RANGE_LOOP_ANALYSIS = YES;
				CLANG_WARN_STRICT_PROTOTYPES = YES;
				CLANG_WARN_SUSPICIOUS_MOVE = YES;
				CLANG_WARN_UNGUARDED_AVAILABILITY = YES_AGGRESSIVE;
				CLANG_WARN_UNREACHABLE_CODE = YES;
				CLANG_WARN__DUPLICATE_METHOD_MATCH = YES;
				COPY_PHASE_STRIP = NO;
				DEBUG_INFORMATION_FORMAT = "dwarf-with-dsym";
				ENABLE_NS_ASSERTIONS = NO;
				ENABLE_STRICT_OBJC_MSGSEND = YES;
				GCC_C_LANGUAGE_STANDARD = gnu11;
				GCC_NO_COMMON_BLOCKS = YES;
				GCC_WARN_64_TO_32_BIT_CONVERSION = YES;
				GCC_WARN_ABOUT_RETURN_TYPE = YES_ERROR;
				GCC_WARN_UNDECLARED_SELECTOR = YES;
				GCC_WARN_UNINITIALIZED_AUTOS = YES_AGGRESSIVE;
				GCC_WARN_UNUSED_FUNCTION = YES;
				GCC_WARN_UNUSED_VARIABLE = YES;
				IPHONEOS_DEPLOYMENT_TARGET = 13.0;
				MTL_ENABLE_DEBUG_INFO = NO;
				MTL_FAST_MATH = YES;
				SDKROOT = iphoneos;
				SWIFT_COMPILATION_MODE = wholemodule;
				SWIFT_OPTIMIZATION_LEVEL = "-O";
				VALIDATE_PRODUCT = YES;
			};
			name = Release;
		};
		37D8A7B723491FE90031CFFE /* Debug */ = {
			isa = XCBuildConfiguration;
			baseConfigurationReference = 7F403F2350B36FF384CF4791 /* Pods-Todoey.debug.xcconfig */;
			buildSettings = {
				ASSETCATALOG_COMPILER_APPICON_NAME = AppIcon;
				CODE_SIGN_STYLE = Automatic;
				DEVELOPMENT_TEAM = 3HWJQXZ45P;
				INFOPLIST_FILE = Todoey/Info.plist;
				LD_RUNPATH_SEARCH_PATHS = (
					"$(inherited)",
					"@executable_path/Frameworks",
				);
				PRODUCT_BUNDLE_IDENTIFIER = com.WilliamWatkins.Todoey;
				PRODUCT_NAME = "$(TARGET_NAME)";
				SWIFT_VERSION = 5.0;
				TARGETED_DEVICE_FAMILY = "1,2";
			};
			name = Debug;
		};
		37D8A7B823491FE90031CFFE /* Release */ = {
			isa = XCBuildConfiguration;
			baseConfigurationReference = D16175DC6484AC0FD94D4527 /* Pods-Todoey.release.xcconfig */;
			buildSettings = {
				ASSETCATALOG_COMPILER_APPICON_NAME = AppIcon;
				CODE_SIGN_STYLE = Automatic;
				DEVELOPMENT_TEAM = 3HWJQXZ45P;
				INFOPLIST_FILE = Todoey/Info.plist;
				LD_RUNPATH_SEARCH_PATHS = (
					"$(inherited)",
					"@executable_path/Frameworks",
				);
				PRODUCT_BUNDLE_IDENTIFIER = com.WilliamWatkins.Todoey;
				PRODUCT_NAME = "$(TARGET_NAME)";
				SWIFT_VERSION = 5.0;
				TARGETED_DEVICE_FAMILY = "1,2";
			};
			name = Release;
		};
/* End XCBuildConfiguration section */

/* Begin XCConfigurationList section */
		37D8A79D23491FE80031CFFE /* Build configuration list for PBXProject "Todoey" */ = {
			isa = XCConfigurationList;
			buildConfigurations = (
				37D8A7B423491FE90031CFFE /* Debug */,
				37D8A7B523491FE90031CFFE /* Release */,
			);
			defaultConfigurationIsVisible = 0;
			defaultConfigurationName = Release;
		};
		37D8A7B623491FE90031CFFE /* Build configuration list for PBXNativeTarget "Todoey" */ = {
			isa = XCConfigurationList;
			buildConfigurations = (
				37D8A7B723491FE90031CFFE /* Debug */,
				37D8A7B823491FE90031CFFE /* Release */,
			);
			defaultConfigurationIsVisible = 0;
			defaultConfigurationName = Release;
		};
/* End XCConfigurationList section */

/* Begin XCVersionGroup section */
		37F1B2F42350FDD900E43E14 /* DataModel.xcdatamodeld */ = {
			isa = XCVersionGroup;
			children = (
				37F1B2F52350FDD900E43E14 /* DataModel.xcdatamodel */,
			);
			currentVersion = 37F1B2F52350FDD900E43E14 /* DataModel.xcdatamodel */;
			path = DataModel.xcdatamodeld;
			sourceTree = "<group>";
			versionGroupType = wrapper.xcdatamodel;
		};
/* End XCVersionGroup section */
	};
	rootObject = 37D8A79A23491FE80031CFFE /* Project object */;
}
